
Microsoft Visual Studio Solution File, Format Version 12.00
# Visual Studio 15
VisualStudioVersion = 15.0.27130.2036
MinimumVisualStudioVersion = 10.0.40219.1
Project("{FAE04EC0-301F-11D3-BF4B-00C04F79EFBC}") = "DefineAnInterface", "DefineAnInterface\DefineAnInterface.csproj", "{B34DD8FC-AD58-44E4-AC2F-E6CFB23F55EA}"
EndProject
Global
	GlobalSection(SolutionConfigurationPlatforms) = preSolution
		Debug|Any CPU = Debug|Any CPU
		Release|Any CPU = Release|Any CPU
	EndGlobalSection
	GlobalSection(ProjectConfigurationPlatforms) = postSolution
		{B34DD8FC-AD58-44E4-AC2F-E6CFB23F55EA}.Debug|Any CPU.ActiveCfg = Debug|Any CPU
		{B34DD8FC-AD58-44E4-AC2F-E6CFB23F55EA}.Debug|Any CPU.Build.0 = Debug|Any CPU
		{B34DD8FC-AD58-44E4-AC2F-E6CFB23F55EA}.Release|Any CPU.ActiveCfg = Release|Any CPU
		{B34DD8FC-AD58-44E4-AC2F-E6CFB23F55EA}.Release|Any CPU.Build.0 = Release|Any CPU
	EndGlobalSection
	GlobalSection(SolutionProperties) = preSolution
		HideSolutionNode = FALSE
	EndGlobalSection
	GlobalSection(ExtensibilityGlobals) = postSolution
		SolutionGuid = {2D48382D-1876-4C41-AC82-B3A9DF01BA57}
	EndGlobalSection
EndGlobal
