
Microsoft Visual Studio Solution File, Format Version 12.00
# Visual Studio 15
VisualStudioVersion = 15.0.27130.2027
MinimumVisualStudioVersion = 10.0.40219.1
Project("{9A19103F-16F7-4668-BE54-9A1E7A4F7556}") = "01 DefineAClassPerson", "DefineAClassPerson\01 DefineAClassPerson.csproj", "{D6CD6EA8-BA4C-428F-B6CC-526C460C2701}"
EndProject
Project("{9A19103F-16F7-4668-BE54-9A1E7A4F7556}") = "CreatingConstructors", "CreatingConstructors\CreatingConstructors.csproj", "{D792D7C0-788B-4122-BB13-B4E8F9E95B4D}"
EndProject
Project("{FAE04EC0-301F-11D3-BF4B-00C04F79EFBC}") = "OldestFamilyMember", "OldestFamilyMember\OldestFamilyMember.csproj", "{9DDCFB92-427B-47E2-8D6E-0A9CEB29C7FB}"
EndProject
Project("{FAE04EC0-301F-11D3-BF4B-00C04F79EFBC}") = "OpinionPoll", "OpinionPoll\OpinionPoll.csproj", "{E19C38BA-CCC4-42D2-B286-03A6F43A299B}"
EndProject
Project("{FAE04EC0-301F-11D3-BF4B-00C04F79EFBC}") = "DateModifier", "DateModifier\DateModifier.csproj", "{E621A414-56E1-4E47-ACB4-305C8BD582CC}"
EndProject
Global
	GlobalSection(SolutionConfigurationPlatforms) = preSolution
		Debug|Any CPU = Debug|Any CPU
		Release|Any CPU = Release|Any CPU
	EndGlobalSection
	GlobalSection(ProjectConfigurationPlatforms) = postSolution
		{D6CD6EA8-BA4C-428F-B6CC-526C460C2701}.Debug|Any CPU.ActiveCfg = Debug|Any CPU
		{D6CD6EA8-BA4C-428F-B6CC-526C460C2701}.Debug|Any CPU.Build.0 = Debug|Any CPU
		{D6CD6EA8-BA4C-428F-B6CC-526C460C2701}.Release|Any CPU.ActiveCfg = Release|Any CPU
		{D6CD6EA8-BA4C-428F-B6CC-526C460C2701}.Release|Any CPU.Build.0 = Release|Any CPU
		{D792D7C0-788B-4122-BB13-B4E8F9E95B4D}.Debug|Any CPU.ActiveCfg = Debug|Any CPU
		{D792D7C0-788B-4122-BB13-B4E8F9E95B4D}.Debug|Any CPU.Build.0 = Debug|Any CPU
		{D792D7C0-788B-4122-BB13-B4E8F9E95B4D}.Release|Any CPU.ActiveCfg = Release|Any CPU
		{D792D7C0-788B-4122-BB13-B4E8F9E95B4D}.Release|Any CPU.Build.0 = Release|Any CPU
		{9DDCFB92-427B-47E2-8D6E-0A9CEB29C7FB}.Debug|Any CPU.ActiveCfg = Debug|Any CPU
		{9DDCFB92-427B-47E2-8D6E-0A9CEB29C7FB}.Debug|Any CPU.Build.0 = Debug|Any CPU
		{9DDCFB92-427B-47E2-8D6E-0A9CEB29C7FB}.Release|Any CPU.ActiveCfg = Release|Any CPU
		{9DDCFB92-427B-47E2-8D6E-0A9CEB29C7FB}.Release|Any CPU.Build.0 = Release|Any CPU
		{E19C38BA-CCC4-42D2-B286-03A6F43A299B}.Debug|Any CPU.ActiveCfg = Debug|Any CPU
		{E19C38BA-CCC4-42D2-B286-03A6F43A299B}.Debug|Any CPU.Build.0 = Debug|Any CPU
		{E19C38BA-CCC4-42D2-B286-03A6F43A299B}.Release|Any CPU.ActiveCfg = Release|Any CPU
		{E19C38BA-CCC4-42D2-B286-03A6F43A299B}.Release|Any CPU.Build.0 = Release|Any CPU
		{E621A414-56E1-4E47-ACB4-305C8BD582CC}.Debug|Any CPU.ActiveCfg = Debug|Any CPU
		{E621A414-56E1-4E47-ACB4-305C8BD582CC}.Debug|Any CPU.Build.0 = Debug|Any CPU
		{E621A414-56E1-4E47-ACB4-305C8BD582CC}.Release|Any CPU.ActiveCfg = Release|Any CPU
		{E621A414-56E1-4E47-ACB4-305C8BD582CC}.Release|Any CPU.Build.0 = Release|Any CPU
	EndGlobalSection
	GlobalSection(SolutionProperties) = preSolution
		HideSolutionNode = FALSE
	EndGlobalSection
	GlobalSection(ExtensibilityGlobals) = postSolution
		SolutionGuid = {590F9CC0-3208-4BA7-84F2-7AA13DE94B78}
	EndGlobalSection
EndGlobal
